# THIS IS AN AUTOGENERATED FILE. DO NOT EDIT THIS FILE DIRECTLY.
# yarn lockfile v1


is-dom@^1.1.0:
  version "1.1.0"
  resolved "https://registry.yarnpkg.com/is-dom/-/is-dom-1.1.0.tgz#af1fced292742443bb59ca3f76ab5e80907b4e8a"
  integrity sha512-u82f6mvhYxRPKpw8V1N0W8ce1xXwOrQtgGcxl6UCL5zBmZu3is/18K0rR7uFCnMDuAsS/3W54mGL4vsaFUQlEQ==
  dependencies:
    is-object "^1.0.1"
    is-window "^1.0.2"

is-object@^1.0.1:
  version "1.0.1"
  resolved "https://registry.yarnpkg.com/is-object/-/is-object-1.0.1.tgz#8952688c5ec2ffd6b03ecc85e769e02903083470"
  integrity sha1-iVJojF7C/9awPsyF52ngKQMINHA=

is-window@^1.0.2:
  version "1.0.2"
  resolved "https://registry.yarnpkg.com/is-window/-/is-window-1.0.2.tgz#2c896ca53db97de45d3c33133a65d8c9f563480d"
  integrity sha1-LIlspT25feRdPDMTOmXYyfVjSA0=

path-parse@^1.0.6:
  version "1.0.6"
  resolved "https://registry.yarnpkg.com/path-parse/-/path-parse-1.0.6.tgz#d62dbb5679405d72c4737ec58600e9ddcf06d24c"
  integrity sha512-GSmOT2EbHrINBf9SR7CDELwlJ8AENk3Qn7OikK4nFYAu3Ote2+JYNVvkpAEQm3/TLNEJFD/xZJjzyxg3KBWOzw==

resolve@^1.9.0:
  version "1.17.0"
  resolved "https://registry.yarnpkg.com/resolve/-/resolve-1.17.0.tgz#b25941b54968231cc2d1bb76a79cb7f2c0bf8444"
  integrity sha512-ic+7JYiV8Vi2yzQGFWOkiZD5Z9z7O2Zhm9XMaTxdJExKasieFCr+yXZ/WmXsckHiKl12ar0y6XiXDx3m4RHn1w==
  dependencies:
    path-parse "^1.0.6"

ttypescript@^1.5.10:
  version "1.5.10"
  resolved "https://registry.yarnpkg.com/ttypescript/-/ttypescript-1.5.10.tgz#5045083a91cf09a735ecc95d4711c1f3b83f2059"
  integrity sha512-Hk7TRej1hM+p+Fo+Pyb/XK9pe9CAt3Sh5n5YRutxFS8hUgkh2u1Vd2K40kMcNP3WYhiVFBMqXwM/2E8O95Ep6g==
  dependencies:
    resolve "^1.9.0"

typescript-transform-paths@^2.0.0:
  version "2.0.0"
  resolved "https://registry.yarnpkg.com/typescript-transform-paths/-/typescript-transform-paths-2.0.0.tgz#7dfaded593c45aba209009b820fc098a11862fa6"
  integrity sha512-62mmNsZ6mUMrcusTHyAJBuyZl+5ltsArFVXj6AdRIF/6IJUykYwly0LtjeEPE5MTtkhkCfv4s9eYFb73giKrfQ==

typescript@^3.9.7:
  version "3.9.7"
  resolved "https://registry.yarnpkg.com/typescript/-/typescript-3.9.7.tgz#98d600a5ebdc38f40cb277522f12dc800e9e25fa"
  integrity sha512-BLbiRkiBzAwsjut4x/dsibSTB6yWpwT5qWmC2OfuCg3GgVQCSgMs4vEctYPhsaGtd0AeuuHMkjZ2h2WG8MSzRw==
